// !$*UTF8*$!
{
	archiveVersion = 1;
	classes = {
	};
	objectVersion = 55;
	objects = {

/* Begin PBXBuildFile section */
		D626F3802955E44A00CB8B1E /* AppStorageSampleApp.swift in Sources */ = {isa = PBXBuildFile; fileRef = D626F37F2955E44A00CB8B1E /* AppStorageSampleApp.swift */; };
		D626F3822955E44A00CB8B1E /* ContentView.swift in Sources */ = {isa = PBXBuildFile; fileRef = D626F3812955E44A00CB8B1E /* ContentView.swift */; };
		D626F3842955E44C00CB8B1E /* Assets.xcassets in Resources */ = {isa = PBXBuildFile; fileRef = D626F3832955E44C00CB8B1E /* Assets.xcassets */; };
		D626F3872955E44C00CB8B1E /* Preview Assets.xcassets in Resources */ = {isa = PBXBuildFile; fileRef = D626F3862955E44C00CB8B1E /* Preview Assets.xcassets */; };
		D626F3912955E44D00CB8B1E /* AppStorageSampleTests.swift in Sources */ = {isa = PBXBuildFile; fileRef = D626F3902955E44D00CB8B1E /* AppStorageSampleTests.swift */; };
		D626F39B2955E44D00CB8B1E /* AppStorageSampleUITests.swift in Sources */ = {isa = PBXBuildFile; fileRef = D626F39A2955E44D00CB8B1E /* AppStorageSampleUITests.swift */; };
		D626F39D2955E44D00CB8B1E /* AppStorageSampleUITestsLaunchTests.swift in Sources */ = {isa = PBXBuildFile; fileRef = D626F39C2955E44D00CB8B1E /* AppStorageSampleUITestsLaunchTests.swift */; };
		D675A039295DC458002DEA12 /* LaunchScreen.storyboard in Resources */ = {isa = PBXBuildFile; fileRef = D675A038295DC458002DEA12 /* LaunchScreen.storyboard */; };
/* End PBXBuildFile section */

/* Begin PBXContainerItemProxy section */
		D626F38D2955E44D00CB8B1E /* PBXContainerItemProxy */ = {
			isa = PBXContainerItemProxy;
			containerPortal = D626F3742955E44A00CB8B1E /* Project object */;
			proxyType = 1;
			remoteGlobalIDString = D626F37B2955E44A00CB8B1E;
			remoteInfo = AppStorageSample;
		};
		D626F3972955E44D00CB8B1E /* PBXContainerItemProxy */ = {
			isa = PBXContainerItemProxy;
			containerPortal = D626F3742955E44A00CB8B1E /* Project object */;
			proxyType = 1;
			remoteGlobalIDString = D626F37B2955E44A00CB8B1E;
			remoteInfo = AppStorageSample;
		};
/* End PBXContainerItemProxy section */

/* Begin PBXFileReference section */
		D626F37C2955E44A00CB8B1E /* AppStorageSample.app */ = {isa = PBXFileReference; explicitFileType = wrapper.application; includeInIndex = 0; path = AppStorageSample.app; sourceTree = BUILT_PRODUCTS_DIR; };
		D626F37F2955E44A00CB8B1E /* AppStorageSampleApp.swift */ = {isa = PBXFileReference; lastKnownFileType = sourcecode.swift; path = AppStorageSampleApp.swift; sourceTree = "<group>"; };
		D626F3812955E44A00CB8B1E /* ContentView.swift */ = {isa = PBXFileReference; lastKnownFileType = sourcecode.swift; path = ContentView.swift; sourceTree = "<group>"; };
		D626F3832955E44C00CB8B1E /* Assets.xcassets */ = {isa = PBXFileReference; lastKnownFileType = folder.assetcatalog; path = Assets.xcassets; sourceTree = "<group>"; };
		D626F3862955E44C00CB8B1E /* Preview Assets.xcassets */ = {isa = PBXFileReference; lastKnownFileType = folder.assetcatalog; path = "Preview Assets.xcassets"; sourceTree = "<group>"; };
		D626F38C2955E44D00CB8B1E /* AppStorageSampleTests.xctest */ = {isa = PBXFileReference; explicitFileType = wrapper.cfbundle; includeInIndex = 0; path = AppStorageSampleTests.xctest; sourceTree = BUILT_PRODUCTS_DIR; };
		D626F3902955E44D00CB8B1E /* AppStorageSampleTests.swift */ = {isa = PBXFileReference; lastKnownFileType = sourcecode.swift; path = AppStorageSampleTests.swift; sourceTree = "<group>"; };
		D626F3962955E44D00CB8B1E /* AppStorageSampleUITests.xctest */ = {isa = PBXFileReference; explicitFileType = wrapper.cfbundle; includeInIndex = 0; path = AppStorageSampleUITests.xctest; sourceTree = BUILT_PRODUCTS_DIR; };
		D626F39A2955E44D00CB8B1E /* AppStorageSampleUITests.swift */ = {isa = PBXFileReference; lastKnownFileType = sourcecode.swift; path = AppStorageSampleUITests.swift; sourceTree = "<group>"; };
		D626F39C2955E44D00CB8B1E /* AppStorageSampleUITestsLaunchTests.swift */ = {isa = PBXFileReference; lastKnownFileType = sourcecode.swift; path = AppStorageSampleUITestsLaunchTests.swift; sourceTree = "<group>"; };
		D675A038295DC458002DEA12 /* LaunchScreen.storyboard */ = {isa = PBXFileReference; lastKnownFileType = file.storyboard; path = LaunchScreen.storyboard; sourceTree = "<group>"; };
/* End PBXFileReference section */

/* Begin PBXFrameworksBuildPhase section */
		D626F3792955E44A00CB8B1E /* Frameworks */ = {
			isa = PBXFrameworksBuildPhase;
			buildActionMask = 2147483647;
			files = (
			);
			runOnlyForDeploymentPostprocessing = 0;
		};
		D626F3892955E44D00CB8B1E /* Frameworks */ = {
			isa = PBXFrameworksBuildPhase;
			buildActionMask = 2147483647;
			files = (
			);
			runOnlyForDeploymentPostprocessing = 0;
		};
		D626F3932955E44D00CB8B1E /* Frameworks */ = {
			isa = PBXFrameworksBuildPhase;
			buildActionMask = 2147483647;
			files = (
			);
			runOnlyForDeploymentPostprocessing = 0;
		};
/* End PBXFrameworksBuildPhase section */

/* Begin PBXGroup section */
		D626F3732955E44A00CB8B1E = {
			isa = PBXGroup;
			children = (
				D626F37E2955E44A00CB8B1E /* AppStorageSample */,
				D626F38F2955E44D00CB8B1E /* AppStorageSampleTests */,
				D626F3992955E44D00CB8B1E /* AppStorageSampleUITests */,
				D626F37D2955E44A00CB8B1E /* Products */,
			);
			sourceTree = "<group>";
		};
		D626F37D2955E44A00CB8B1E /* Products */ = {
			isa = PBXGroup;
			children = (
				D626F37C2955E44A00CB8B1E /* AppStorageSample.app */,
				D626F38C2955E44D00CB8B1E /* AppStorageSampleTests.xctest */,
				D626F3962955E44D00CB8B1E /* AppStorageSampleUITests.xctest */,
			);
			name = Products;
			sourceTree = "<group>";
		};
		D626F37E2955E44A00CB8B1E /* AppStorageSample */ = {
			isa = PBXGroup;
			children = (
				D626F37F2955E44A00CB8B1E /* AppStorageSampleApp.swift */,
				D626F3812955E44A00CB8B1E /* ContentView.swift */,
				D626F3832955E44C00CB8B1E /* Assets.xcassets */,
				D626F3852955E44C00CB8B1E /* Preview Content */,
				D675A038295DC458002DEA12 /* LaunchScreen.storyboard */,
			);
			path = AppStorageSample;
			sourceTree = "<group>";
		};
		D626F3852955E44C00CB8B1E /* Preview Content */ = {
			isa = PBXGroup;
			children = (
				D626F3862955E44C00CB8B1E /* Preview Assets.xcassets */,
			);
			path = "Preview Content";
			sourceTree = "<group>";
		};
		D626F38F2955E44D00CB8B1E /* AppStorageSampleTests */ = {
			isa = PBXGroup;
			children = (
				D626F3902955E44D00CB8B1E /* AppStorageSampleTests.swift */,
			);
			path = AppStorageSampleTests;
			sourceTree = "<group>";
		};
		D626F3992955E44D00CB8B1E /* AppStorageSampleUITests */ = {
			isa = PBXGroup;
			children = (
				D626F39A2955E44D00CB8B1E /* AppStorageSampleUITests.swift */,
				D626F39C2955E44D00CB8B1E /* AppStorageSampleUITestsLaunchTests.swift */,
			);
			path = AppStorageSampleUITests;
			sourceTree = "<group>";
		};
/* End PBXGroup section */

/* Begin PBXNativeTarget section */
		D626F37B2955E44A00CB8B1E /* AppStorageSample */ = {
			isa = PBXNativeTarget;
			buildConfigurationList = D626F3A02955E44D00CB8B1E /* Build configuration list for PBXNativeTarget "AppStorageSample" */;
			buildPhases = (
				D626F3782955E44A00CB8B1E /* Sources */,
				D626F3792955E44A00CB8B1E /* Frameworks */,
				D626F37A2955E44A00CB8B1E /* Resources */,
			);
			buildRules = (
			);
			dependencies = (
			);
			name = AppStorageSample;
			productName = AppStorageSample;
			productReference = D626F37C2955E44A00CB8B1E /* AppStorageSample.app */;
			productType = "com.apple.product-type.application";
		};
		D626F38B2955E44D00CB8B1E /* AppStorageSampleTests */ = {
			isa = PBXNativeTarget;
			buildConfigurationList = D626F3A32955E44D00CB8B1E /* Build configuration list for PBXNativeTarget "AppStorageSampleTests" */;
			buildPhases = (
				D626F3882955E44D00CB8B1E /* Sources */,
				D626F3892955E44D00CB8B1E /* Frameworks */,
				D626F38A2955E44D00CB8B1E /* Resources */,
			);
			buildRules = (
			);
			dependencies = (
				D626F38E2955E44D00CB8B1E /* PBXTargetDependency */,
			);
			name = AppStorageSampleTests;
			productName = AppStorageSampleTests;
			productReference = D626F38C2955E44D00CB8B1E /* AppStorageSampleTests.xctest */;
			productType = "com.apple.product-type.bundle.unit-test";
		};
		D626F3952955E44D00CB8B1E /* AppStorageSampleUITests */ = {
			isa = PBXNativeTarget;
			buildConfigurationList = D626F3A62955E44D00CB8B1E /* Build configuration list for PBXNativeTarget "AppStorageSampleUITests" */;
			buildPhases = (
				D626F3922955E44D00CB8B1E /* Sources */,
				D626F3932955E44D00CB8B1E /* Frameworks */,
				D626F3942955E44D00CB8B1E /* Resources */,
			);
			buildRules = (
			);
			dependencies = (
				D626F3982955E44D00CB8B1E /* PBXTargetDependency */,
			);
			name = AppStorageSampleUITests;
			productName = AppStorageSampleUITests;
			productReference = D626F3962955E44D00CB8B1E /* AppStorageSampleUITests.xctest */;
			productType = "com.apple.product-type.bundle.ui-testing";
		};
/* End PBXNativeTarget section */

/* Begin PBXProject section */
		D626F3742955E44A00CB8B1E /* Project object */ = {
			isa = PBXProject;
			attributes = {
				BuildIndependentTargetsInParallel = 1;
				LastSwiftUpdateCheck = 1320;
				LastUpgradeCheck = 1320;
				TargetAttributes = {
					D626F37B2955E44A00CB8B1E = {
						CreatedOnToolsVersion = 13.2.1;
					};
					D626F38B2955E44D00CB8B1E = {
						CreatedOnToolsVersion = 13.2.1;
						TestTargetID = D626F37B2955E44A00CB8B1E;
					};
					D626F3952955E44D00CB8B1E = {
						CreatedOnToolsVersion = 13.2.1;
						TestTargetID = D626F37B2955E44A00CB8B1E;
					};
				};
			};
			buildConfigurationList = D626F3772955E44A00CB8B1E /* Build configuration list for PBXProject "AppStorageSample" */;
			compatibilityVersion = "Xcode 13.0";
			developmentRegion = en;
			hasScannedForEncodings = 0;
			knownRegions = (
				en,
				Base,
			);
			mainGroup = D626F3732955E44A00CB8B1E;
			productRefGroup = D626F37D2955E44A00CB8B1E /* Products */;
			projectDirPath = "";
			projectRoot = "";
			targets = (
				D626F37B2955E44A00CB8B1E /* AppStorageSample */,
				D626F38B2955E44D00CB8B1E /* AppStorageSampleTests */,
				D626F3952955E44D00CB8B1E /* AppStorageSampleUITests */,
			);
		};
/* End PBXProject section */

/* Begin PBXResourcesBuildPhase section */
		D626F37A2955E44A00CB8B1E /* Resources */ = {
			isa = PBXResourcesBuildPhase;
			buildActionMask = 2147483647;
			files = (
				D675A039295DC458002DEA12 /* LaunchScreen.storyboard in Resources */,
				D626F3872955E44C00CB8B1E /* Preview Assets.xcassets in Resources */,
				D626F3842955E44C00CB8B1E /* Assets.xcassets in Resources */,
			);
			runOnlyForDeploymentPostprocessing = 0;
		};
		D626F38A2955E44D00CB8B1E /* Resources */ = {
			isa = PBXResourcesBuildPhase;
			buildActionMask = 2147483647;
			files = (
			);
			runOnlyForDeploymentPostprocessing = 0;
		};
		D626F3942955E44D00CB8B1E /* Resources */ = {
			isa = PBXResourcesBuildPhase;
			buildActionMask = 2147483647;
			files = (
			);
			runOnlyForDeploymentPostprocessing = 0;
		};
/* End PBXResourcesBuildPhase section */

/* Begin PBXSourcesBuildPhase section */
		D626F3782955E44A00CB8B1E /* Sources */ = {
			isa = PBXSourcesBuildPhase;
			buildActionMask = 2147483647;
			files = (
				D626F3822955E44A00CB8B1E /* ContentView.swift in Sources */,
				D626F3802955E44A00CB8B1E /* AppStorageSampleApp.swift in Sources */,
			);
			runOnlyForDeploymentPostprocessing = 0;
		};
		D626F3882955E44D00CB8B1E /* Sources */ = {
			isa = PBXSourcesBuildPhase;
			buildActionMask = 2147483647;
			files = (
				D626F3912955E44D00CB8B1E /* AppStorageSampleTests.swift in Sources */,
			);
			runOnlyForDeploymentPostprocessing = 0;
		};
		D626F3922955E44D00CB8B1E /* Sources */ = {
			isa = PBXSourcesBuildPhase;
			buildActionMask = 2147483647;
			files = (
				D626F39D2955E44D00CB8B1E /* AppStorageSampleUITestsLaunchTests.swift in Sources */,
				D626F39B2955E44D00CB8B1E /* AppStorageSampleUITests.swift in Sources */,
			);
			runOnlyForDeploymentPostprocessing = 0;
		};
/* End PBXSourcesBuildPhase section */

/* Begin PBXTargetDependency section */
		D626F38E2955E44D00CB8B1E /* PBXTargetDependency */ = {
			isa = PBXTargetDependency;
			target = D626F37B2955E44A00CB8B1E /* AppStorageSample */;
			targetProxy = D626F38D2955E44D00CB8B1E /* PBXContainerItemProxy */;
		};
		D626F3982955E44D00CB8B1E /* PBXTargetDependency */ = {
			isa = PBXTargetDependency;
			target = D626F37B2955E44A00CB8B1E /* AppStorageSample */;
			targetProxy = D626F3972955E44D00CB8B1E /* PBXContainerItemProxy */;
		};
/* End PBXTargetDependency section */

/* Begin XCBuildConfiguration section */
		D626F39E2955E44D00CB8B1E /* Debug */ = {
			isa = XCBuildConfiguration;
			buildSettings = {
				ALWAYS_SEARCH_USER_PATHS = NO;
				CLANG_ANALYZER_NONNULL = YES;
				CLANG_ANALYZER_NUMBER_OBJECT_CONVERSION = YES_AGGRESSIVE;
				CLANG_CXX_LANGUAGE_STANDARD = "gnu++17";
				CLANG_CXX_LIBRARY = "libc++";
				CLANG_ENABLE_MODULES = YES;
				CLANG_ENABLE_OBJC_ARC = YES;
				CLANG_ENABLE_OBJC_WEAK = YES;
				CLANG_WARN_BLOCK_CAPTURE_AUTORELEASING = YES;
				CLANG_WARN_BOOL_CONVERSION = YES;
				CLANG_WARN_COMMA = YES;
				CLANG_WARN_CONSTANT_CONVERSION = YES;
				CLANG_WARN_DEPRECATED_OBJC_IMPLEMENTATIONS = YES;
				CLANG_WARN_DIRECT_OBJC_ISA_USAGE = YES_ERROR;
				CLANG_WARN_DOCUMENTATION_COMMENTS = YES;
				CLANG_WARN_EMPTY_BODY = YES;
				CLANG_WARN_ENUM_CONVERSION = YES;
				CLANG_WARN_INFINITE_RECURSION = YES;
				CLANG_WARN_INT_CONVERSION = YES;
				CLANG_WARN_NON_LITERAL_NULL_CONVERSION = YES;
				CLANG_WARN_OBJC_IMPLICIT_RETAIN_SELF = YES;
				CLANG_WARN_OBJC_LITERAL_CONVERSION = YES;
				CLANG_WARN_OBJC_ROOT_CLASS = YES_ERROR;
				CLANG_WARN_QUOTED_INCLUDE_IN_FRAMEWORK_HEADER = YES;
				CLANG_WARN_RANGE_LOOP_ANALYSIS = YES;
				CLANG_WARN_STRICT_PROTOTYPES = YES;
				CLANG_WARN_SUSPICIOUS_MOVE = YES;
				CLANG_WARN_UNGUARDED_AVAILABILITY = YES_AGGRESSIVE;
				CLANG_WARN_UNREACHABLE_CODE = YES;
				CLANG_WARN__DUPLICATE_METHOD_MATCH = YES;
				COPY_PHASE_STRIP = NO;
				DEBUG_INFORMATION_FORMAT = dwarf;
				ENABLE_STRICT_OBJC_MSGSEND = YES;
				ENABLE_TESTABILITY = YES;
				GCC_C_LANGUAGE_STANDARD = gnu11;
				GCC_DYNAMIC_NO_PIC = NO;
				GCC_NO_COMMON_BLOCKS = YES;
				GCC_OPTIMIZATION_LEVEL = 0;
				GCC_PREPROCESSOR_DEFINITIONS = (
					"DEBUG=1",
					"$(inherited)",
				);
				GCC_WARN_64_TO_32_BIT_CONVERSION = YES;
				GCC_WARN_ABOUT_RETURN_TYPE = YES_ERROR;
				GCC_WARN_UNDECLARED_SELECTOR = YES;
				GCC_WARN_UNINITIALIZED_AUTOS = YES_AGGRESSIVE;
				GCC_WARN_UNUSED_FUNCTION = YES;
				GCC_WARN_UNUSED_VARIABLE = YES;
				IPHONEOS_DEPLOYMENT_TARGET = 15.2;
				MTL_ENABLE_DEBUG_INFO = INCLUDE_SOURCE;
				MTL_FAST_MATH = YES;
				ONLY_ACTIVE_ARCH = YES;
				SDKROOT = iphoneos;
				SWIFT_ACTIVE_COMPILATION_CONDITIONS = DEBUG;
				SWIFT_OPTIMIZATION_LEVEL = "-Onone";
			};
			name = Debug;
		};
		D626F39F2955E44D00CB8B1E /* Release */ = {
			isa = XCBuildConfiguration;
			buildSettings = {
				ALWAYS_SEARCH_USER_PATHS = NO;
				CLANG_ANALYZER_NONNULL = YES;
				CLANG_ANALYZER_NUMBER_OBJECT_CONVERSION = YES_AGGRESSIVE;
				CLANG_CXX_LANGUAGE_STANDARD = "gnu++17";
				CLANG_CXX_LIBRARY = "libc++";
				CLANG_ENABLE_MODULES = YES;
				CLANG_ENABLE_OBJC_ARC = YES;
				CLANG_ENABLE_OBJC_WEAK = YES;
				CLANG_WARN_BLOCK_CAPTURE_AUTORELEASING = YES;
				CLANG_WARN_BOOL_CONVERSION = YES;
				CLANG_WARN_COMMA = YES;
				CLANG_WARN_CONSTANT_CONVERSION = YES;
				CLANG_WARN_DEPRECATED_OBJC_IMPLEMENTATIONS = YES;
				CLANG_WARN_DIRECT_OBJC_ISA_USAGE = YES_ERROR;
				CLANG_WARN_DOCUMENTATION_COMMENTS = YES;
				CLANG_WARN_EMPTY_BODY = YES;
				CLANG_WARN_ENUM_CONVERSION = YES;
				CLANG_WARN_INFINITE_RECURSION = YES;
				CLANG_WARN_INT_CONVERSION = YES;
				CLANG_WARN_NON_LITERAL_NULL_CONVERSION = YES;
				CLANG_WARN_OBJC_IMPLICIT_RETAIN_SELF = YES;
				CLANG_WARN_OBJC_LITERAL_CONVERSION = YES;
				CLANG_WARN_OBJC_ROOT_CLASS = YES_ERROR;
				CLANG_WARN_QUOTED_INCLUDE_IN_FRAMEWORK_HEADER = YES;
				CLANG_WARN_RANGE_LOOP_ANALYSIS = YES;
				CLANG_WARN_STRICT_PROTOTYPES = YES;
				CLANG_WARN_SUSPICIOUS_MOVE = YES;
				CLANG_WARN_UNGUARDED_AVAILABILITY = YES_AGGRESSIVE;
				CLANG_WARN_UNREACHABLE_CODE = YES;
				CLANG_WARN__DUPLICATE_METHOD_MATCH = YES;
				COPY_PHASE_STRIP = NO;
				DEBUG_INFORMATION_FORMAT = "dwarf-with-dsym";
				ENABLE_NS_ASSERTIONS = NO;
				ENABLE_STRICT_OBJC_MSGSEND = YES;
				GCC_C_LANGUAGE_STANDARD = gnu11;
				GCC_NO_COMMON_BLOCKS = YES;
				GCC_WARN_64_TO_32_BIT_CONVERSION = YES;
				GCC_WARN_ABOUT_RETURN_TYPE = YES_ERROR;
				GCC_WARN_UNDECLARED_SELECTOR = YES;
				GCC_WARN_UNINITIALIZED_AUTOS = YES_AGGRESSIVE;
				GCC_WARN_UNUSED_FUNCTION = YES;
				GCC_WARN_UNUSED_VARIABLE = YES;
				IPHONEOS_DEPLOYMENT_TARGET = 15.2;
				MTL_ENABLE_DEBUG_INFO = NO;
				MTL_FAST_MATH = YES;
				SDKROOT = iphoneos;
				SWIFT_COMPILATION_MODE = wholemodule;
				SWIFT_OPTIMIZATION_LEVEL = "-O";
				VALIDATE_PRODUCT = YES;
			};
			name = Release;
		};
		D626F3A12955E44D00CB8B1E /* Debug */ = {
			isa = XCBuildConfiguration;
			buildSettings = {
				ASSETCATALOG_COMPILER_APPICON_NAME = AppIcon;
				ASSETCATALOG_COMPILER_GLOBAL_ACCENT_COLOR_NAME = AccentColor;
				CODE_SIGN_STYLE = Automatic;
				CURRENT_PROJECT_VERSION = 1;
				DEVELOPMENT_ASSET_PATHS = "\"AppStorageSample/Preview Content\"";
				DEVELOPMENT_TEAM = K6LJCT8RAA;
				ENABLE_PREVIEWS = YES;
				GENERATE_INFOPLIST_FILE = YES;
				INFOPLIST_KEY_UIApplicationSceneManifest_Generation = YES;
				INFOPLIST_KEY_UIApplicationSupportsIndirectInputEvents = YES;
				INFOPLIST_KEY_UILaunchScreen_Generation = YES;
				INFOPLIST_KEY_UILaunchStoryboardName = LaunchScreen;
				INFOPLIST_KEY_UISupportedInterfaceOrientations_iPad = "UIInterfaceOrientationPortrait UIInterfaceOrientationPortraitUpsideDown UIInterfaceOrientationLandscapeLeft UIInterfaceOrientationLandscapeRight";
				INFOPLIST_KEY_UISupportedInterfaceOrientations_iPhone = "UIInterfaceOrientationPortrait UIInterfaceOrientationLandscapeLeft UIInterfaceOrientationLandscapeRight";
				LD_RUNPATH_SEARCH_PATHS = (
					"$(inherited)",
					"@executable_path/Frameworks",
				);
				MARKETING_VERSION = 1.0;
				PRODUCT_BUNDLE_IDENTIFIER = com.swiftuislider.AppStorageSample;
				PRODUCT_NAME = "$(TARGET_NAME)";
				SWIFT_EMIT_LOC_STRINGS = YES;
				SWIFT_VERSION = 5.0;
				TARGETED_DEVICE_FAMILY = "1,2";
			};
			name = Debug;
		};
		D626F3A22955E44D00CB8B1E /* Release */ = {
			isa = XCBuildConfiguration;
			buildSettings = {
				ASSETCATALOG_COMPILER_APPICON_NAME = AppIcon;
				ASSETCATALOG_COMPILER_GLOBAL_ACCENT_COLOR_NAME = AccentColor;
				CODE_SIGN_STYLE = Automatic;
				CURRENT_PROJECT_VERSION = 1;
				DEVELOPMENT_ASSET_PATHS = "\"AppStorageSample/Preview Content\"";
				DEVELOPMENT_TEAM = K6LJCT8RAA;
				ENABLE_PREVIEWS = YES;
				GENERATE_INFOPLIST_FILE = YES;
				INFOPLIST_KEY_UIApplicationSceneManifest_Generation = YES;
				INFOPLIST_KEY_UIApplicationSupportsIndirectInputEvents = YES;
				INFOPLIST_KEY_UILaunchScreen_Generation = YES;
				INFOPLIST_KEY_UILaunchStoryboardName = LaunchScreen;
				INFOPLIST_KEY_UISupportedInterfaceOrientations_iPad = "UIInterfaceOrientationPortrait UIInterfaceOrientationPortraitUpsideDown UIInterfaceOrientationLandscapeLeft UIInterfaceOrientationLandscapeRight";
				INFOPLIST_KEY_UISupportedInterfaceOrientations_iPhone = "UIInterfaceOrientationPortrait UIInterfaceOrientationLandscapeLeft UIInterfaceOrientationLandscapeRight";
				LD_RUNPATH_SEARCH_PATHS = (
					"$(inherited)",
					"@executable_path/Frameworks",
				);
				MARKETING_VERSION = 1.0;
				PRODUCT_BUNDLE_IDENTIFIER = com.swiftuislider.AppStorageSample;
				PRODUCT_NAME = "$(TARGET_NAME)";
				SWIFT_EMIT_LOC_STRINGS = YES;
				SWIFT_VERSION = 5.0;
				TARGETED_DEVICE_FAMILY = "1,2";
			};
			name = Release;
		};
		D626F3A42955E44D00CB8B1E /* Debug */ = {
			isa = XCBuildConfiguration;
			buildSettings = {
				ALWAYS_EMBED_SWIFT_STANDARD_LIBRARIES = YES;
				BUNDLE_LOADER = "$(TEST_HOST)";
				CODE_SIGN_STYLE = Automatic;
				CURRENT_PROJECT_VERSION = 1;
				DEVELOPMENT_TEAM = K6LJCT8RAA;
				GENERATE_INFOPLIST_FILE = YES;
				IPHONEOS_DEPLOYMENT_TARGET = 15.2;
				MARKETING_VERSION = 1.0;
				PRODUCT_BUNDLE_IDENTIFIER = com.swiftuislider.AppStorageSampleTests;
				PRODUCT_NAME = "$(TARGET_NAME)";
				SWIFT_EMIT_LOC_STRINGS = NO;
				SWIFT_VERSION = 5.0;
				TARGETED_DEVICE_FAMILY = "1,2";
				TEST_HOST = "$(BUILT_PRODUCTS_DIR)/AppStorageSample.app/AppStorageSample";
			};
			name = Debug;
		};
		D626F3A52955E44D00CB8B1E /* Release */ = {
			isa = XCBuildConfiguration;
			buildSettings = {
				ALWAYS_EMBED_SWIFT_STANDARD_LIBRARIES = YES;
				BUNDLE_LOADER = "$(TEST_HOST)";
				CODE_SIGN_STYLE = Automatic;
				CURRENT_PROJECT_VERSION = 1;
				DEVELOPMENT_TEAM = K6LJCT8RAA;
				GENERATE_INFOPLIST_FILE = YES;
				IPHONEOS_DEPLOYMENT_TARGET = 15.2;
				MARKETING_VERSION = 1.0;
				PRODUCT_BUNDLE_IDENTIFIER = com.swiftuislider.AppStorageSampleTests;
				PRODUCT_NAME = "$(TARGET_NAME)";
				SWIFT_EMIT_LOC_STRINGS = NO;
				SWIFT_VERSION = 5.0;
				TARGETED_DEVICE_FAMILY = "1,2";
				TEST_HOST = "$(BUILT_PRODUCTS_DIR)/AppStorageSample.app/AppStorageSample";
			};
			name = Release;
		};
		D626F3A72955E44D00CB8B1E /* Debug */ = {
			isa = XCBuildConfiguration;
			buildSettings = {
				ALWAYS_EMBED_SWIFT_STANDARD_LIBRARIES = YES;
				CODE_SIGN_STYLE = Automatic;
				CURRENT_PROJECT_VERSION = 1;
				DEVELOPMENT_TEAM = K6LJCT8RAA;
				GENERATE_INFOPLIST_FILE = YES;
				MARKETING_VERSION = 1.0;
				PRODUCT_BUNDLE_IDENTIFIER = com.swiftuislider.AppStorageSampleUITests;
				PRODUCT_NAME = "$(TARGET_NAME)";
				SWIFT_EMIT_LOC_STRINGS = NO;
				SWIFT_VERSION = 5.0;
				TARGETED_DEVICE_FAMILY = "1,2";
				TEST_TARGET_NAME = AppStorageSample;
			};
			name = Debug;
		};
		D626F3A82955E44D00CB8B1E /* Release */ = {
			isa = XCBuildConfiguration;
			buildSettings = {
				ALWAYS_EMBED_SWIFT_STANDARD_LIBRARIES = YES;
				CODE_SIGN_STYLE = Automatic;
				CURRENT_PROJECT_VERSION = 1;
				DEVELOPMENT_TEAM = K6LJCT8RAA;
				GENERATE_INFOPLIST_FILE = YES;
				MARKETING_VERSION = 1.0;
				PRODUCT_BUNDLE_IDENTIFIER = com.swiftuislider.AppStorageSampleUITests;
				PRODUCT_NAME = "$(TARGET_NAME)";
				SWIFT_EMIT_LOC_STRINGS = NO;
				SWIFT_VERSION = 5.0;
				TARGETED_DEVICE_FAMILY = "1,2";
				TEST_TARGET_NAME = AppStorageSample;
			};
			name = Release;
		};
/* End XCBuildConfiguration section */

/* Begin XCConfigurationList section */
		D626F3772955E44A00CB8B1E /* Build configuration list for PBXProject "AppStorageSample" */ = {
			isa = XCConfigurationList;
			buildConfigurations = (
				D626F39E2955E44D00CB8B1E /* Debug */,
				D626F39F2955E44D00CB8B1E /* Release */,
			);
			defaultConfigurationIsVisible = 0;
			defaultConfigurationName = Release;
		};
		D626F3A02955E44D00CB8B1E /* Build configuration list for PBXNativeTarget "AppStorageSample" */ = {
			isa = XCConfigurationList;
			buildConfigurations = (
				D626F3A12955E44D00CB8B1E /* Debug */,
				D626F3A22955E44D00CB8B1E /* Release */,
			);
			defaultConfigurationIsVisible = 0;
			defaultConfigurationName = Release;
		};
		D626F3A32955E44D00CB8B1E /* Build configuration list for PBXNativeTarget "AppStorageSampleTests" */ = {
			isa = XCConfigurationList;
			buildConfigurations = (
				D626F3A42955E44D00CB8B1E /* Debug */,
				D626F3A52955E44D00CB8B1E /* Release */,
			);
			defaultConfigurationIsVisible = 0;
			defaultConfigurationName = Release;
		};
		D626F3A62955E44D00CB8B1E /* Build configuration list for PBXNativeTarget "AppStorageSampleUITests" */ = {
			isa = XCConfigurationList;
			buildConfigurations = (
				D626F3A72955E44D00CB8B1E /* Debug */,
				D626F3A82955E44D00CB8B1E /* Release */,
			);
			defaultConfigurationIsVisible = 0;
			defaultConfigurationName = Release;
		};
/* End XCConfigurationList section */
	};
	rootObject = D626F3742955E44A00CB8B1E /* Project object */;
}
